
Microsoft Visual Studio Solution File, Format Version 12.00
# Visual Studio Version 17
VisualStudioVersion = 17.7.34202.233
MinimumVisualStudioVersion = 10.0.40219.1
Project("{9A19103F-16F7-4668-BE54-9A1E7A4F7556}") = "LambdaAPI", "LambdaAPI.csproj", "{A102C5FF-77AE-4376-A4D4-0C0CD2A56FDF}"
EndProject
Global
	GlobalSection(SolutionConfigurationPlatforms) = preSolution
		Debug|Any CPU = Debug|Any CPU
		Release|Any CPU = Release|Any CPU
	EndGlobalSection
	GlobalSection(ProjectConfigurationPlatforms) = postSolution
		{A102C5FF-77AE-4376-A4D4-0C0CD2A56FDF}.Debug|Any CPU.ActiveCfg = Debug|Any CPU
		{A102C5FF-77AE-4376-A4D4-0C0CD2A56FDF}.Debug|Any CPU.Build.0 = Debug|Any CPU
		{A102C5FF-77AE-4376-A4D4-0C0CD2A56FDF}.Release|Any CPU.ActiveCfg = Release|Any CPU
		{A102C5FF-77AE-4376-A4D4-0C0CD2A56FDF}.Release|Any CPU.Build.0 = Release|Any CPU
	EndGlobalSection
	GlobalSection(SolutionProperties) = preSolution
		HideSolutionNode = FALSE
	EndGlobalSection
	GlobalSection(ExtensibilityGlobals) = postSolution
		SolutionGuid = {20DB4013-DC26-491F-ABDA-A29A2334FDB6}
	EndGlobalSection
EndGlobal
